<?xml version="1.0" encoding="utf-8"?>
<Project ToolsVersion="17.0" xmlns="http://schemas.microsoft.com/developer/msbuild/2003">
  <ItemGroup>
    <ClCompile Include="C:\Users\theoplegends\IdeaProjects\java-enet-jni\enet\callbacks.c">
      <Filter>source</Filter>
    </ClCompile>
    <ClCompile Include="C:\Users\theoplegends\IdeaProjects\java-enet-jni\enet\compress.c">
      <Filter>source</Filter>
    </ClCompile>
    <ClCompile Include="C:\Users\theoplegends\IdeaProjects\java-enet-jni\enet\host.c">
      <Filter>source</Filter>
    </ClCompile>
    <ClCompile Include="C:\Users\theoplegends\IdeaProjects\java-enet-jni\enet\list.c">
      <Filter>source</Filter>
    </ClCompile>
    <ClCompile Include="C:\Users\theoplegends\IdeaProjects\java-enet-jni\enet\packet.c">
      <Filter>source</Filter>
    </ClCompile>
    <ClCompile Include="C:\Users\theoplegends\IdeaProjects\java-enet-jni\enet\peer.c">
      <Filter>source</Filter>
    </ClCompile>
    <ClCompile Include="C:\Users\theoplegends\IdeaProjects\java-enet-jni\enet\protocol.c">
      <Filter>source</Filter>
    </ClCompile>
    <ClCompile Include="C:\Users\theoplegends\IdeaProjects\java-enet-jni\enet\unix.c">
      <Filter>source</Filter>
    </ClCompile>
    <ClCompile Include="C:\Users\theoplegends\IdeaProjects\java-enet-jni\enet\win32.c">
      <Filter>source</Filter>
    </ClCompile>
  </ItemGroup>
  <ItemGroup>
    <ClInclude Include="C:\Users\theoplegends\IdeaProjects\java-enet-jni\enet\include\enet\callbacks.h">
      <Filter>include</Filter>
    </ClInclude>
    <ClInclude Include="C:\Users\theoplegends\IdeaProjects\java-enet-jni\enet\include\enet\enet.h">
      <Filter>include</Filter>
    </ClInclude>
    <ClInclude Include="C:\Users\theoplegends\IdeaProjects\java-enet-jni\enet\include\enet\list.h">
      <Filter>include</Filter>
    </ClInclude>
    <ClInclude Include="C:\Users\theoplegends\IdeaProjects\java-enet-jni\enet\include\enet\protocol.h">
      <Filter>include</Filter>
    </ClInclude>
    <ClInclude Include="C:\Users\theoplegends\IdeaProjects\java-enet-jni\enet\include\enet\time.h">
      <Filter>include</Filter>
    </ClInclude>
    <ClInclude Include="C:\Users\theoplegends\IdeaProjects\java-enet-jni\enet\include\enet\types.h">
      <Filter>include</Filter>
    </ClInclude>
    <ClInclude Include="C:\Users\theoplegends\IdeaProjects\java-enet-jni\enet\include\enet\unix.h">
      <Filter>include</Filter>
    </ClInclude>
    <ClInclude Include="C:\Users\theoplegends\IdeaProjects\java-enet-jni\enet\include\enet\utility.h">
      <Filter>include</Filter>
    </ClInclude>
    <ClInclude Include="C:\Users\theoplegends\IdeaProjects\java-enet-jni\enet\include\enet\win32.h">
      <Filter>include</Filter>
    </ClInclude>
  </ItemGroup>
  <ItemGroup>
    <CustomBuild Include="C:\Users\theoplegends\IdeaProjects\java-enet-jni\enet\CMakeLists.txt" />
  </ItemGroup>
  <ItemGroup>
    <Filter Include="include">
      <UniqueIdentifier>{FB01B405-0292-3764-A086-342EBECF2AB4}</UniqueIdentifier>
    </Filter>
    <Filter Include="source">
      <UniqueIdentifier>{1378AFD7-CB6D-3841-8792-19BE07767796}</UniqueIdentifier>
    </Filter>
  </ItemGroup>
</Project>
