<?xml version="1.0" encoding="utf-8"?>
<Project ToolsVersion="17.0" xmlns="http://schemas.microsoft.com/developer/msbuild/2003">
  <ItemGroup>
    <CustomBuild Include="C:\Users\theoplegends\IdeaProjects\java-enet-jni\enet\CMakeFiles\b375f689c1d71c97f12e43b46625a89b\generate.stamp.rule">
      <Filter>CMake Rules</Filter>
    </CustomBuild>
  </ItemGroup>
  <ItemGroup>
    <Filter Include="CMake Rules">
      <UniqueIdentifier>{64A6EBEE-C107-39A6-B914-6C4A08AF68C2}</UniqueIdentifier>
    </Filter>
  </ItemGroup>
</Project>
